
Microsoft Visual Studio Solution File, Format Version 12.00
# Visual Studio Version 17
VisualStudioVersion = 17.1.32228.430
MinimumVisualStudioVersion = 10.0.40219.1
Project("{FAE04EC0-301F-11D3-BF4B-00C04F79EFBC}") = "NewsCommentAPIService", "NewsCommentAPIService.csproj", "{7A080E6B-53E6-4A03-A0DA-767DB214A980}"
EndProject
Global
	GlobalSection(SolutionConfigurationPlatforms) = preSolution
		Debug|Any CPU = Debug|Any CPU
		Release|Any CPU = Release|Any CPU
	EndGlobalSection
	GlobalSection(ProjectConfigurationPlatforms) = postSolution
		{7A080E6B-53E6-4A03-A0DA-767DB214A980}.Debug|Any CPU.ActiveCfg = Debug|Any CPU
		{7A080E6B-53E6-4A03-A0DA-767DB214A980}.Debug|Any CPU.Build.0 = Debug|Any CPU
		{7A080E6B-53E6-4A03-A0DA-767DB214A980}.Release|Any CPU.ActiveCfg = Release|Any CPU
		{7A080E6B-53E6-4A03-A0DA-767DB214A980}.Release|Any CPU.Build.0 = Release|Any CPU
	EndGlobalSection
	GlobalSection(SolutionProperties) = preSolution
		HideSolutionNode = FALSE
	EndGlobalSection
	GlobalSection(ExtensibilityGlobals) = postSolution
		SolutionGuid = {4CF61A58-3AF0-4CD5-9ADC-C26B49DD64B5}
	EndGlobalSection
EndGlobal
